// !$*UTF8*$!
{
	archiveVersion = 1;
	classes = {
	};
	objectVersion = 51;
	objects = {

/* Begin PBXBuildFile section */
		4A33445D2673A37B00250424 /* DataLoader.swift in Sources */ = {isa = PBXBuildFile; fileRef = 4A33445C2673A37B00250424 /* DataLoader.swift */; };
		4A33445F267A41DE00250424 /* PublicConstants.swift in Sources */ = {isa = PBXBuildFile; fileRef = 4A33445E267A41DE00250424 /* PublicConstants.swift */; };
		4A33446D267B89A700250424 /* RootCoordinator.swift in Sources */ = {isa = PBXBuildFile; fileRef = 4A33446C267B89A700250424 /* RootCoordinator.swift */; };
		4A33446F267B8AB600250424 /* TabBarCoordinator.swift in Sources */ = {isa = PBXBuildFile; fileRef = 4A33446E267B8AB600250424 /* TabBarCoordinator.swift */; };
		4A334472267B8AE800250424 /* AuthCoordinator.swift in Sources */ = {isa = PBXBuildFile; fileRef = 4A334471267B8AE800250424 /* AuthCoordinator.swift */; };
		4A334474267B8FB100250424 /* RegistryCoordinator.swift in Sources */ = {isa = PBXBuildFile; fileRef = 4A334473267B8FB100250424 /* RegistryCoordinator.swift */; };
		4A334476267B92D200250424 /* BooksCoordinator.swift in Sources */ = {isa = PBXBuildFile; fileRef = 4A334475267B92D200250424 /* BooksCoordinator.swift */; };
		4A334478267B9A0400250424 /* QuotesCoordinator.swift in Sources */ = {isa = PBXBuildFile; fileRef = 4A334477267B9A0400250424 /* QuotesCoordinator.swift */; };
		4A33447A267BA9D200250424 /* QuoteFactory.swift in Sources */ = {isa = PBXBuildFile; fileRef = 4A334479267BA9D200250424 /* QuoteFactory.swift */; };
		4A33447C2684928E00250424 /* BooksPresenter.swift in Sources */ = {isa = PBXBuildFile; fileRef = 4A33447B2684928E00250424 /* BooksPresenter.swift */; };
		4A33447E268496DB00250424 /* BooksFactory.swift in Sources */ = {isa = PBXBuildFile; fileRef = 4A33447D268496DB00250424 /* BooksFactory.swift */; };
		4A6E015E26692B1E001E5D73 /* R.generated.swift in Sources */ = {isa = PBXBuildFile; fileRef = 4A6E015D26692B1E001E5D73 /* R.generated.swift */; };
		4A6E01622669442A001E5D73 /* Localizible.strings in Resources */ = {isa = PBXBuildFile; fileRef = 4A6E01612669442A001E5D73 /* Localizible.strings */; };
		4A6E0164266CDA03001E5D73 /* AuthService.swift in Sources */ = {isa = PBXBuildFile; fileRef = 4A6E0163266CDA03001E5D73 /* AuthService.swift */; };
		4A6E016A266D1D37001E5D73 /* RegistryViewController.swift in Sources */ = {isa = PBXBuildFile; fileRef = 4A6E0169266D1D37001E5D73 /* RegistryViewController.swift */; };
		4A6E016C266D1D7D001E5D73 /* LoginView.swift in Sources */ = {isa = PBXBuildFile; fileRef = 4A6E016B266D1D7D001E5D73 /* LoginView.swift */; };
		4A6E016F266D216F001E5D73 /* RegistryView.swift in Sources */ = {isa = PBXBuildFile; fileRef = 4A6E016E266D216F001E5D73 /* RegistryView.swift */; };
		4A6E0172266D4F19001E5D73 /* + KeyChainSwift.swift in Sources */ = {isa = PBXBuildFile; fileRef = 4A6E0171266D4F19001E5D73 /* + KeyChainSwift.swift */; };
		4A6E017B266F8E73001E5D73 /* QuotesViewController.swift in Sources */ = {isa = PBXBuildFile; fileRef = 4A6E017A266F8E73001E5D73 /* QuotesViewController.swift */; };
		4A6E017D266FA154001E5D73 /* QuotesPresenter.swift in Sources */ = {isa = PBXBuildFile; fileRef = 4A6E017C266FA154001E5D73 /* QuotesPresenter.swift */; };
		4A6E0180266FA1BA001E5D73 /* QuoteService.swift in Sources */ = {isa = PBXBuildFile; fileRef = 4A6E017F266FA1BA001E5D73 /* QuoteService.swift */; };
		4A6E0183266FA269001E5D73 /* QuoteResponse.swift in Sources */ = {isa = PBXBuildFile; fileRef = 4A6E0182266FA269001E5D73 /* QuoteResponse.swift */; };
		4A6E0185266FA380001E5D73 /* QuoteRoute.swift in Sources */ = {isa = PBXBuildFile; fileRef = 4A6E0184266FA380001E5D73 /* QuoteRoute.swift */; };
		4A6E0187266FA47D001E5D73 /* PaginationParameters.swift in Sources */ = {isa = PBXBuildFile; fileRef = 4A6E0186266FA47D001E5D73 /* PaginationParameters.swift */; };
		4A6E0189266FA5F7001E5D73 /* + Encodable.swift in Sources */ = {isa = PBXBuildFile; fileRef = 4A6E0188266FA5F7001E5D73 /* + Encodable.swift */; };
		4A6E018C266FDD1A001E5D73 /* TabBarController.swift in Sources */ = {isa = PBXBuildFile; fileRef = 4A6E018B266FDD1A001E5D73 /* TabBarController.swift */; };
		4A6E019126702314001E5D73 /* QuotesTableViewCell.swift in Sources */ = {isa = PBXBuildFile; fileRef = 4A6E019026702314001E5D73 /* QuotesTableViewCell.swift */; };
		4A779F7A2667F1F20055B34F /* HTTPClient.swift in Sources */ = {isa = PBXBuildFile; fileRef = 4A779F792667F1F20055B34F /* HTTPClient.swift */; };
		4A779F7C2667F32E0055B34F /* Route.swift in Sources */ = {isa = PBXBuildFile; fileRef = 4A779F7B2667F32E0055B34F /* Route.swift */; };
		4A779F7E2667F6EE0055B34F /* BooksRoute.swift in Sources */ = {isa = PBXBuildFile; fileRef = 4A779F7D2667F6EE0055B34F /* BooksRoute.swift */; };
		4A779F81266809DB0055B34F /* ChaptersViewController.swift in Sources */ = {isa = PBXBuildFile; fileRef = 4A779F80266809DB0055B34F /* ChaptersViewController.swift */; };
		4A779F84266818F70055B34F /* ChapterResponse.swift in Sources */ = {isa = PBXBuildFile; fileRef = 4A779F83266818F70055B34F /* ChapterResponse.swift */; };
		4A81A2262666C143008D80E9 /* BookResponse.swift in Sources */ = {isa = PBXBuildFile; fileRef = 4A81A2252666C143008D80E9 /* BookResponse.swift */; };
		4A81A2292666C560008D80E9 /* BookService.swift in Sources */ = {isa = PBXBuildFile; fileRef = 4A81A2282666C560008D80E9 /* BookService.swift */; };
		4A8B842B2665630400680E62 /* AppDelegate.swift in Sources */ = {isa = PBXBuildFile; fileRef = 4A8B842A2665630400680E62 /* AppDelegate.swift */; };
		4A8B842F2665630400680E62 /* LoginViewController.swift in Sources */ = {isa = PBXBuildFile; fileRef = 4A8B842E2665630400680E62 /* LoginViewController.swift */; };
		4A8B84342665630500680E62 /* Assets.xcassets in Resources */ = {isa = PBXBuildFile; fileRef = 4A8B84332665630500680E62 /* Assets.xcassets */; };
		4A8B84372665630500680E62 /* LaunchScreen.storyboard in Resources */ = {isa = PBXBuildFile; fileRef = 4A8B84352665630500680E62 /* LaunchScreen.storyboard */; };
		4A8B844126656B0600680E62 /* BooksViewController.swift in Sources */ = {isa = PBXBuildFile; fileRef = 4A8B844026656B0600680E62 /* BooksViewController.swift */; };
		858E18028E99AC3818500601 /* Pods_iosStudying.framework in Frameworks */ = {isa = PBXBuildFile; fileRef = 4C33F451D1919B55B018868B /* Pods_iosStudying.framework */; };
/* End PBXBuildFile section */

/* Begin PBXFileReference section */
		2545A4DC13E40151EABF16B2 /* Pods-iosStudying.debug.xcconfig */ = {isa = PBXFileReference; includeInIndex = 1; lastKnownFileType = text.xcconfig; name = "Pods-iosStudying.debug.xcconfig"; path = "Target Support Files/Pods-iosStudying/Pods-iosStudying.debug.xcconfig"; sourceTree = "<group>"; };
		4A33445C2673A37B00250424 /* DataLoader.swift */ = {isa = PBXFileReference; lastKnownFileType = sourcecode.swift; path = DataLoader.swift; sourceTree = "<group>"; };
		4A33445E267A41DE00250424 /* PublicConstants.swift */ = {isa = PBXFileReference; lastKnownFileType = sourcecode.swift; path = PublicConstants.swift; sourceTree = "<group>"; };
		4A33446C267B89A700250424 /* RootCoordinator.swift */ = {isa = PBXFileReference; lastKnownFileType = sourcecode.swift; path = RootCoordinator.swift; sourceTree = "<group>"; };
		4A33446E267B8AB600250424 /* TabBarCoordinator.swift */ = {isa = PBXFileReference; lastKnownFileType = sourcecode.swift; path = TabBarCoordinator.swift; sourceTree = "<group>"; };
		4A334471267B8AE800250424 /* AuthCoordinator.swift */ = {isa = PBXFileReference; lastKnownFileType = sourcecode.swift; path = AuthCoordinator.swift; sourceTree = "<group>"; };
		4A334473267B8FB100250424 /* RegistryCoordinator.swift */ = {isa = PBXFileReference; lastKnownFileType = sourcecode.swift; path = RegistryCoordinator.swift; sourceTree = "<group>"; };
		4A334475267B92D200250424 /* BooksCoordinator.swift */ = {isa = PBXFileReference; lastKnownFileType = sourcecode.swift; path = BooksCoordinator.swift; sourceTree = "<group>"; };
		4A334477267B9A0400250424 /* QuotesCoordinator.swift */ = {isa = PBXFileReference; lastKnownFileType = sourcecode.swift; path = QuotesCoordinator.swift; sourceTree = "<group>"; };
		4A334479267BA9D200250424 /* QuoteFactory.swift */ = {isa = PBXFileReference; lastKnownFileType = sourcecode.swift; path = QuoteFactory.swift; sourceTree = "<group>"; };
		4A33447B2684928E00250424 /* BooksPresenter.swift */ = {isa = PBXFileReference; lastKnownFileType = sourcecode.swift; path = BooksPresenter.swift; sourceTree = "<group>"; };
		4A33447D268496DB00250424 /* BooksFactory.swift */ = {isa = PBXFileReference; lastKnownFileType = sourcecode.swift; path = BooksFactory.swift; sourceTree = "<group>"; };
		4A6E015D26692B1E001E5D73 /* R.generated.swift */ = {isa = PBXFileReference; fileEncoding = 4; lastKnownFileType = sourcecode.swift; path = R.generated.swift; sourceTree = SOURCE_ROOT; };
		4A6E01612669442A001E5D73 /* Localizible.strings */ = {isa = PBXFileReference; lastKnownFileType = text.plist.strings; path = Localizible.strings; sourceTree = "<group>"; };
		4A6E0163266CDA03001E5D73 /* AuthService.swift */ = {isa = PBXFileReference; lastKnownFileType = sourcecode.swift; path = AuthService.swift; sourceTree = "<group>"; };
		4A6E0169266D1D37001E5D73 /* RegistryViewController.swift */ = {isa = PBXFileReference; lastKnownFileType = sourcecode.swift; path = RegistryViewController.swift; sourceTree = "<group>"; };
		4A6E016B266D1D7D001E5D73 /* LoginView.swift */ = {isa = PBXFileReference; lastKnownFileType = sourcecode.swift; path = LoginView.swift; sourceTree = "<group>"; };
		4A6E016E266D216F001E5D73 /* RegistryView.swift */ = {isa = PBXFileReference; lastKnownFileType = sourcecode.swift; path = RegistryView.swift; sourceTree = "<group>"; };
		4A6E0171266D4F19001E5D73 /* + KeyChainSwift.swift */ = {isa = PBXFileReference; lastKnownFileType = sourcecode.swift; path = "+ KeyChainSwift.swift"; sourceTree = "<group>"; };
		4A6E017A266F8E73001E5D73 /* QuotesViewController.swift */ = {isa = PBXFileReference; lastKnownFileType = sourcecode.swift; path = QuotesViewController.swift; sourceTree = "<group>"; };
		4A6E017C266FA154001E5D73 /* QuotesPresenter.swift */ = {isa = PBXFileReference; lastKnownFileType = sourcecode.swift; path = QuotesPresenter.swift; sourceTree = "<group>"; };
		4A6E017F266FA1BA001E5D73 /* QuoteService.swift */ = {isa = PBXFileReference; lastKnownFileType = sourcecode.swift; path = QuoteService.swift; sourceTree = "<group>"; };
		4A6E0182266FA269001E5D73 /* QuoteResponse.swift */ = {isa = PBXFileReference; lastKnownFileType = sourcecode.swift; path = QuoteResponse.swift; sourceTree = "<group>"; };
		4A6E0184266FA380001E5D73 /* QuoteRoute.swift */ = {isa = PBXFileReference; lastKnownFileType = sourcecode.swift; path = QuoteRoute.swift; sourceTree = "<group>"; };
		4A6E0186266FA47D001E5D73 /* PaginationParameters.swift */ = {isa = PBXFileReference; lastKnownFileType = sourcecode.swift; path = PaginationParameters.swift; sourceTree = "<group>"; };
		4A6E0188266FA5F7001E5D73 /* + Encodable.swift */ = {isa = PBXFileReference; lastKnownFileType = sourcecode.swift; path = "+ Encodable.swift"; sourceTree = "<group>"; };
		4A6E018B266FDD1A001E5D73 /* TabBarController.swift */ = {isa = PBXFileReference; lastKnownFileType = sourcecode.swift; path = TabBarController.swift; sourceTree = "<group>"; };
		4A6E019026702314001E5D73 /* QuotesTableViewCell.swift */ = {isa = PBXFileReference; lastKnownFileType = sourcecode.swift; path = QuotesTableViewCell.swift; sourceTree = "<group>"; };
		4A779F792667F1F20055B34F /* HTTPClient.swift */ = {isa = PBXFileReference; lastKnownFileType = sourcecode.swift; path = HTTPClient.swift; sourceTree = "<group>"; };
		4A779F7B2667F32E0055B34F /* Route.swift */ = {isa = PBXFileReference; lastKnownFileType = sourcecode.swift; path = Route.swift; sourceTree = "<group>"; };
		4A779F7D2667F6EE0055B34F /* BooksRoute.swift */ = {isa = PBXFileReference; lastKnownFileType = sourcecode.swift; path = BooksRoute.swift; sourceTree = "<group>"; };
		4A779F80266809DB0055B34F /* ChaptersViewController.swift */ = {isa = PBXFileReference; lastKnownFileType = sourcecode.swift; path = ChaptersViewController.swift; sourceTree = "<group>"; };
		4A779F83266818F70055B34F /* ChapterResponse.swift */ = {isa = PBXFileReference; lastKnownFileType = sourcecode.swift; path = ChapterResponse.swift; sourceTree = "<group>"; };
		4A81A2252666C143008D80E9 /* BookResponse.swift */ = {isa = PBXFileReference; lastKnownFileType = sourcecode.swift; name = BookResponse.swift; path = iosStudying/Flows/Books/Models/BookResponse.swift; sourceTree = SOURCE_ROOT; };
		4A81A2282666C560008D80E9 /* BookService.swift */ = {isa = PBXFileReference; lastKnownFileType = sourcecode.swift; path = BookService.swift; sourceTree = "<group>"; };
		4A8B84272665630400680E62 /* iosStudying.app */ = {isa = PBXFileReference; explicitFileType = wrapper.application; includeInIndex = 0; path = iosStudying.app; sourceTree = BUILT_PRODUCTS_DIR; };
		4A8B842A2665630400680E62 /* AppDelegate.swift */ = {isa = PBXFileReference; lastKnownFileType = sourcecode.swift; path = AppDelegate.swift; sourceTree = "<group>"; };
		4A8B842E2665630400680E62 /* LoginViewController.swift */ = {isa = PBXFileReference; lastKnownFileType = sourcecode.swift; path = LoginViewController.swift; sourceTree = "<group>"; };
		4A8B84332665630500680E62 /* Assets.xcassets */ = {isa = PBXFileReference; lastKnownFileType = folder.assetcatalog; path = Assets.xcassets; sourceTree = "<group>"; };
		4A8B84362665630500680E62 /* Base */ = {isa = PBXFileReference; lastKnownFileType = file.storyboard; name = Base; path = Base.lproj/LaunchScreen.storyboard; sourceTree = "<group>"; };
		4A8B84382665630500680E62 /* Info.plist */ = {isa = PBXFileReference; lastKnownFileType = text.plist.xml; path = Info.plist; sourceTree = "<group>"; };
		4A8B844026656B0600680E62 /* BooksViewController.swift */ = {isa = PBXFileReference; lastKnownFileType = sourcecode.swift; path = BooksViewController.swift; sourceTree = "<group>"; };
		4C33F451D1919B55B018868B /* Pods_iosStudying.framework */ = {isa = PBXFileReference; explicitFileType = wrapper.framework; includeInIndex = 0; path = Pods_iosStudying.framework; sourceTree = BUILT_PRODUCTS_DIR; };
		5FAB9D88435AEDA66863F3ED /* Pods-iosStudying.release.xcconfig */ = {isa = PBXFileReference; includeInIndex = 1; lastKnownFileType = text.xcconfig; name = "Pods-iosStudying.release.xcconfig"; path = "Target Support Files/Pods-iosStudying/Pods-iosStudying.release.xcconfig"; sourceTree = "<group>"; };
/* End PBXFileReference section */

/* Begin PBXFrameworksBuildPhase section */
		4A8B84242665630400680E62 /* Frameworks */ = {
			isa = PBXFrameworksBuildPhase;
			buildActionMask = 2147483647;
			files = (
				858E18028E99AC3818500601 /* Pods_iosStudying.framework in Frameworks */,
			);
			runOnlyForDeploymentPostprocessing = 0;
		};
/* End PBXFrameworksBuildPhase section */

/* Begin PBXGroup section */
		41C89DEE5104C02D89F3A4A5 /* Pods */ = {
			isa = PBXGroup;
			children = (
				2545A4DC13E40151EABF16B2 /* Pods-iosStudying.debug.xcconfig */,
				5FAB9D88435AEDA66863F3ED /* Pods-iosStudying.release.xcconfig */,
			);
			path = Pods;
			sourceTree = "<group>";
		};
		4A334470267B8AD200250424 /* Service */ = {
			isa = PBXGroup;
			children = (
				4A33446E267B8AB600250424 /* TabBarCoordinator.swift */,
			);
			path = Service;
			sourceTree = "<group>";
		};
		4A6E0165266CDA08001E5D73 /* Service */ = {
			isa = PBXGroup;
			children = (
				4A6E0163266CDA03001E5D73 /* AuthService.swift */,
				4A334471267B8AE800250424 /* AuthCoordinator.swift */,
				4A334473267B8FB100250424 /* RegistryCoordinator.swift */,
			);
			path = Service;
			sourceTree = "<group>";
		};
		4A6E016D266D2138001E5D73 /* Views */ = {
			isa = PBXGroup;
			children = (
				4A6E016B266D1D7D001E5D73 /* LoginView.swift */,
				4A6E016E266D216F001E5D73 /* RegistryView.swift */,
			);
			path = Views;
			sourceTree = "<group>";
		};
		4A6E0170266D4EF8001E5D73 /* Extension */ = {
			isa = PBXGroup;
			children = (
				4A6E0171266D4F19001E5D73 /* + KeyChainSwift.swift */,
				4A6E0188266FA5F7001E5D73 /* + Encodable.swift */,
			);
			path = Extension;
			sourceTree = "<group>";
		};
		4A6E0179266F8E3C001E5D73 /* Quotes */ = {
			isa = PBXGroup;
			children = (
				4A6E017E266FA19A001E5D73 /* Service */,
				4A6E0181266FA24A001E5D73 /* Model */,
				4A6E018F267022F0001E5D73 /* Views */,
				4A6E017A266F8E73001E5D73 /* QuotesViewController.swift */,
				4A6E017C266FA154001E5D73 /* QuotesPresenter.swift */,
			);
			path = Quotes;
			sourceTree = "<group>";
		};
		4A6E017E266FA19A001E5D73 /* Service */ = {
			isa = PBXGroup;
			children = (
				4A6E017F266FA1BA001E5D73 /* QuoteService.swift */,
				4A6E0184266FA380001E5D73 /* QuoteRoute.swift */,
				4A334477267B9A0400250424 /* QuotesCoordinator.swift */,
				4A6E0186266FA47D001E5D73 /* PaginationParameters.swift */,
				4A334479267BA9D200250424 /* QuoteFactory.swift */,
			);
			path = Service;
			sourceTree = "<group>";
		};
		4A6E0181266FA24A001E5D73 /* Model */ = {
			isa = PBXGroup;
			children = (
				4A6E0182266FA269001E5D73 /* QuoteResponse.swift */,
			);
			path = Model;
			sourceTree = "<group>";
		};
		4A6E018A266FDCF4001E5D73 /* TabBar */ = {
			isa = PBXGroup;
			children = (
				4A334470267B8AD200250424 /* Service */,
				4A6E018B266FDD1A001E5D73 /* TabBarController.swift */,
			);
			path = TabBar;
			sourceTree = "<group>";
		};
		4A6E018F267022F0001E5D73 /* Views */ = {
			isa = PBXGroup;
			children = (
				4A6E019026702314001E5D73 /* QuotesTableViewCell.swift */,
			);
			path = Views;
			sourceTree = "<group>";
		};
		4A779F772667F1CF0055B34F /* Core */ = {
			isa = PBXGroup;
			children = (
				4A6E0170266D4EF8001E5D73 /* Extension */,
				4A779F782667F1DB0055B34F /* Service */,
			);
			path = Core;
			sourceTree = "<group>";
		};
		4A779F782667F1DB0055B34F /* Service */ = {
			isa = PBXGroup;
			children = (
				4A779F792667F1F20055B34F /* HTTPClient.swift */,
				4A779F7B2667F32E0055B34F /* Route.swift */,
				4A33445C2673A37B00250424 /* DataLoader.swift */,
				4A33446C267B89A700250424 /* RootCoordinator.swift */,
			);
			path = Service;
			sourceTree = "<group>";
		};
		4A779F7F266809AE0055B34F /* Chapters */ = {
			isa = PBXGroup;
			children = (
				4A779F82266818DF0055B34F /* Models */,
			);
			path = Chapters;
			sourceTree = "<group>";
		};
		4A779F82266818DF0055B34F /* Models */ = {
			isa = PBXGroup;
			children = (
				4A779F83266818F70055B34F /* ChapterResponse.swift */,
				4A779F80266809DB0055B34F /* ChaptersViewController.swift */,
			);
			path = Models;
			sourceTree = "<group>";
		};
		4A81A2242666C124008D80E9 /* Models */ = {
			isa = PBXGroup;
			children = (
				4A81A2252666C143008D80E9 /* BookResponse.swift */,
			);
			path = Models;
			sourceTree = "<group>";
		};
		4A81A2272666C4EB008D80E9 /* Service */ = {
			isa = PBXGroup;
			children = (
				4A81A2282666C560008D80E9 /* BookService.swift */,
				4A779F7D2667F6EE0055B34F /* BooksRoute.swift */,
				4A334475267B92D200250424 /* BooksCoordinator.swift */,
				4A33447D268496DB00250424 /* BooksFactory.swift */,
			);
			path = Service;
			sourceTree = "<group>";
		};
		4A8B841E2665630400680E62 = {
			isa = PBXGroup;
			children = (
				4A8B84292665630400680E62 /* iosStudying */,
				4A8B84282665630400680E62 /* Products */,
				41C89DEE5104C02D89F3A4A5 /* Pods */,
				A3B05CDC655860CAC56BDB00 /* Frameworks */,
			);
			sourceTree = "<group>";
		};
		4A8B84282665630400680E62 /* Products */ = {
			isa = PBXGroup;
			children = (
				4A8B84272665630400680E62 /* iosStudying.app */,
			);
			name = Products;
			sourceTree = "<group>";
		};
		4A8B84292665630400680E62 /* iosStudying */ = {
			isa = PBXGroup;
			children = (
				4A6E015D26692B1E001E5D73 /* R.generated.swift */,
				4A6E01612669442A001E5D73 /* Localizible.strings */,
				4A33445E267A41DE00250424 /* PublicConstants.swift */,
				4A779F772667F1CF0055B34F /* Core */,
				4A8B843E266563F200680E62 /* Flows */,
				4A8B84332665630500680E62 /* Assets.xcassets */,
				4A8B842A2665630400680E62 /* AppDelegate.swift */,
				4A8B84352665630500680E62 /* LaunchScreen.storyboard */,
				4A8B84382665630500680E62 /* Info.plist */,
			);
			path = iosStudying;
			sourceTree = "<group>";
		};
		4A8B843E266563F200680E62 /* Flows */ = {
			isa = PBXGroup;
			children = (
				4A6E018A266FDCF4001E5D73 /* TabBar */,
				4A8B843F266563FB00680E62 /* Auth */,
				4A8B844226656B0E00680E62 /* Books */,
				4A779F7F266809AE0055B34F /* Chapters */,
				4A6E0179266F8E3C001E5D73 /* Quotes */,
			);
			path = Flows;
			sourceTree = "<group>";
		};
		4A8B843F266563FB00680E62 /* Auth */ = {
			isa = PBXGroup;
			children = (
				4A6E0165266CDA08001E5D73 /* Service */,
				4A6E016D266D2138001E5D73 /* Views */,
				4A8B842E2665630400680E62 /* LoginViewController.swift */,
				4A6E0169266D1D37001E5D73 /* RegistryViewController.swift */,
			);
			path = Auth;
			sourceTree = "<group>";
		};
		4A8B844226656B0E00680E62 /* Books */ = {
			isa = PBXGroup;
			children = (
				4A81A2272666C4EB008D80E9 /* Service */,
				4A81A2242666C124008D80E9 /* Models */,
				4A8B844026656B0600680E62 /* BooksViewController.swift */,
				4A33447B2684928E00250424 /* BooksPresenter.swift */,
			);
			path = Books;
			sourceTree = "<group>";
		};
		A3B05CDC655860CAC56BDB00 /* Frameworks */ = {
			isa = PBXGroup;
			children = (
				4C33F451D1919B55B018868B /* Pods_iosStudying.framework */,
			);
			name = Frameworks;
			sourceTree = "<group>";
		};
/* End PBXGroup section */

/* Begin PBXNativeTarget section */
		4A8B84262665630400680E62 /* iosStudying */ = {
			isa = PBXNativeTarget;
			buildConfigurationList = 4A8B843B2665630500680E62 /* Build configuration list for PBXNativeTarget "iosStudying" */;
			buildPhases = (
				A32FCF990CA9D34E3630A1C2 /* [CP] Check Pods Manifest.lock */,
				4A33445B2672B52D00250424 /* SwiftLint */,
				4A779F852668F21A0055B34F /* R.swift */,
				4A8B84232665630400680E62 /* Sources */,
				4A8B84242665630400680E62 /* Frameworks */,
				4A8B84252665630400680E62 /* Resources */,
				5740635C35EFDA4ED23372D3 /* [CP] Embed Pods Frameworks */,
			);
			buildRules = (
			);
			dependencies = (
			);
			name = iosStudying;
			productName = iosStudying;
			productReference = 4A8B84272665630400680E62 /* iosStudying.app */;
			productType = "com.apple.product-type.application";
		};
/* End PBXNativeTarget section */

/* Begin PBXProject section */
		4A8B841F2665630400680E62 /* Project object */ = {
			isa = PBXProject;
			attributes = {
				LastSwiftUpdateCheck = 1250;
				LastUpgradeCheck = 1250;
				TargetAttributes = {
					4A8B84262665630400680E62 = {
						CreatedOnToolsVersion = 12.5;
					};
				};
			};
			buildConfigurationList = 4A8B84222665630400680E62 /* Build configuration list for PBXProject "iosStudying" */;
			compatibilityVersion = "Xcode 9.3";
			developmentRegion = en;
			hasScannedForEncodings = 0;
			knownRegions = (
				en,
				Base,
			);
			mainGroup = 4A8B841E2665630400680E62;
			productRefGroup = 4A8B84282665630400680E62 /* Products */;
			projectDirPath = "";
			projectRoot = "";
			targets = (
				4A8B84262665630400680E62 /* iosStudying */,
			);
		};
/* End PBXProject section */

/* Begin PBXResourcesBuildPhase section */
		4A8B84252665630400680E62 /* Resources */ = {
			isa = PBXResourcesBuildPhase;
			buildActionMask = 2147483647;
			files = (
				4A8B84372665630500680E62 /* LaunchScreen.storyboard in Resources */,
				4A8B84342665630500680E62 /* Assets.xcassets in Resources */,
				4A6E01622669442A001E5D73 /* Localizible.strings in Resources */,
			);
			runOnlyForDeploymentPostprocessing = 0;
		};
/* End PBXResourcesBuildPhase section */

/* Begin PBXShellScriptBuildPhase section */
		4A33445B2672B52D00250424 /* SwiftLint */ = {
			isa = PBXShellScriptBuildPhase;
			buildActionMask = 2147483647;
			files = (
			);
			inputFileListPaths = (
			);
			inputPaths = (
			);
			name = SwiftLint;
			outputFileListPaths = (
			);
			outputPaths = (
			);
			runOnlyForDeploymentPostprocessing = 0;
			shellPath = /bin/sh;
			shellScript = "if which swiftlint >/dev/null; then\n  swiftlint\nelse\n  echo \"warning: SwiftLint not installed, download from https://github.com/realm/SwiftLint\"\nfi\n";
		};
		4A779F852668F21A0055B34F /* R.swift */ = {
			isa = PBXShellScriptBuildPhase;
			buildActionMask = 2147483647;
			files = (
			);
			inputFileListPaths = (
				"",
			);
			inputPaths = (
				"$TEMP_DIR/rswift-lastrun",
			);
			name = R.swift;
			outputFileListPaths = (
			);
			outputPaths = (
				$SRCROOT/R.generated.swift,
			);
			runOnlyForDeploymentPostprocessing = 0;
			shellPath = /bin/sh;
			shellScript = "# Type a script or drag a script file from your workspace to insert its path.\n\"$PODS_ROOT/R.swift/rswift\" generate \"$SRCROOT/R.generated.swift\"\n";
		};
		5740635C35EFDA4ED23372D3 /* [CP] Embed Pods Frameworks */ = {
			isa = PBXShellScriptBuildPhase;
			buildActionMask = 2147483647;
			files = (
			);
			inputFileListPaths = (
				"${PODS_ROOT}/Target Support Files/Pods-iosStudying/Pods-iosStudying-frameworks-${CONFIGURATION}-input-files.xcfilelist",
			);
			name = "[CP] Embed Pods Frameworks";
			outputFileListPaths = (
				"${PODS_ROOT}/Target Support Files/Pods-iosStudying/Pods-iosStudying-frameworks-${CONFIGURATION}-output-files.xcfilelist",
			);
			runOnlyForDeploymentPostprocessing = 0;
			shellPath = /bin/sh;
			shellScript = "\"${PODS_ROOT}/Target Support Files/Pods-iosStudying/Pods-iosStudying-frameworks.sh\"\n";
			showEnvVarsInLog = 0;
		};
		A32FCF990CA9D34E3630A1C2 /* [CP] Check Pods Manifest.lock */ = {
			isa = PBXShellScriptBuildPhase;
			buildActionMask = 2147483647;
			files = (
			);
			inputFileListPaths = (
			);
			inputPaths = (
				"${PODS_PODFILE_DIR_PATH}/Podfile.lock",
				"${PODS_ROOT}/Manifest.lock",
			);
			name = "[CP] Check Pods Manifest.lock";
			outputFileListPaths = (
			);
			outputPaths = (
				"$(DERIVED_FILE_DIR)/Pods-iosStudying-checkManifestLockResult.txt",
			);
			runOnlyForDeploymentPostprocessing = 0;
			shellPath = /bin/sh;
			shellScript = "diff \"${PODS_PODFILE_DIR_PATH}/Podfile.lock\" \"${PODS_ROOT}/Manifest.lock\" > /dev/null\nif [ $? != 0 ] ; then\n    # print error to STDERR\n    echo \"error: The sandbox is not in sync with the Podfile.lock. Run 'pod install' or update your CocoaPods installation.\" >&2\n    exit 1\nfi\n# This output is used by Xcode 'outputs' to avoid re-running this script phase.\necho \"SUCCESS\" > \"${SCRIPT_OUTPUT_FILE_0}\"\n";
			showEnvVarsInLog = 0;
		};
/* End PBXShellScriptBuildPhase section */

/* Begin PBXSourcesBuildPhase section */
		4A8B84232665630400680E62 /* Sources */ = {
			isa = PBXSourcesBuildPhase;
			buildActionMask = 2147483647;
			files = (
				4A6E019126702314001E5D73 /* QuotesTableViewCell.swift in Sources */,
				4A8B842F2665630400680E62 /* LoginViewController.swift in Sources */,
				4A6E016A266D1D37001E5D73 /* RegistryViewController.swift in Sources */,
				4A779F7E2667F6EE0055B34F /* BooksRoute.swift in Sources */,
				4A6E018C266FDD1A001E5D73 /* TabBarController.swift in Sources */,
				4A6E016F266D216F001E5D73 /* RegistryView.swift in Sources */,
				4A6E0172266D4F19001E5D73 /* + KeyChainSwift.swift in Sources */,
				4A8B844126656B0600680E62 /* BooksViewController.swift in Sources */,
				4A6E0164266CDA03001E5D73 /* AuthService.swift in Sources */,
				4A6E0189266FA5F7001E5D73 /* + Encodable.swift in Sources */,
				4A334472267B8AE800250424 /* AuthCoordinator.swift in Sources */,
				4A81A2262666C143008D80E9 /* BookResponse.swift in Sources */,
				4A779F7A2667F1F20055B34F /* HTTPClient.swift in Sources */,
				4A33446F267B8AB600250424 /* TabBarCoordinator.swift in Sources */,
				4A779F84266818F70055B34F /* ChapterResponse.swift in Sources */,
				4A6E016C266D1D7D001E5D73 /* LoginView.swift in Sources */,
				4A8B842B2665630400680E62 /* AppDelegate.swift in Sources */,
				4A779F7C2667F32E0055B34F /* Route.swift in Sources */,
				4A81A2292666C560008D80E9 /* BookService.swift in Sources */,
				4A33447E268496DB00250424 /* BooksFactory.swift in Sources */,
				4A334476267B92D200250424 /* BooksCoordinator.swift in Sources */,
				4A6E0185266FA380001E5D73 /* QuoteRoute.swift in Sources */,
				4A6E017B266F8E73001E5D73 /* QuotesViewController.swift in Sources */,
				4A33445F267A41DE00250424 /* PublicConstants.swift in Sources */,
				4A33446D267B89A700250424 /* RootCoordinator.swift in Sources */,
				4A6E0183266FA269001E5D73 /* QuoteResponse.swift in Sources */,
				4A6E017D266FA154001E5D73 /* QuotesPresenter.swift in Sources */,
				4A334474267B8FB100250424 /* RegistryCoordinator.swift in Sources */,
				4A779F81266809DB0055B34F /* ChaptersViewController.swift in Sources */,
				4A334478267B9A0400250424 /* QuotesCoordinator.swift in Sources */,
				4A33445D2673A37B00250424 /* DataLoader.swift in Sources */,
				4A6E0187266FA47D001E5D73 /* PaginationParameters.swift in Sources */,
				4A6E0180266FA1BA001E5D73 /* QuoteService.swift in Sources */,
				4A6E015E26692B1E001E5D73 /* R.generated.swift in Sources */,
				4A33447A267BA9D200250424 /* QuoteFactory.swift in Sources */,
				4A33447C2684928E00250424 /* BooksPresenter.swift in Sources */,
			);
			runOnlyForDeploymentPostprocessing = 0;
		};
/* End PBXSourcesBuildPhase section */

/* Begin PBXVariantGroup section */
		4A8B84352665630500680E62 /* LaunchScreen.storyboard */ = {
			isa = PBXVariantGroup;
			children = (
				4A8B84362665630500680E62 /* Base */,
			);
			name = LaunchScreen.storyboard;
			sourceTree = "<group>";
		};
/* End PBXVariantGroup section */

/* Begin XCBuildConfiguration section */
		4A8B84392665630500680E62 /* Debug */ = {
			isa = XCBuildConfiguration;
			buildSettings = {
				ALWAYS_SEARCH_USER_PATHS = NO;
				CLANG_ANALYZER_NONNULL = YES;
				CLANG_ANALYZER_NUMBER_OBJECT_CONVERSION = YES_AGGRESSIVE;
				CLANG_CXX_LANGUAGE_STANDARD = "gnu++14";
				CLANG_CXX_LIBRARY = "libc++";
				CLANG_ENABLE_MODULES = YES;
				CLANG_ENABLE_OBJC_ARC = YES;
				CLANG_ENABLE_OBJC_WEAK = YES;
				CLANG_WARN_BLOCK_CAPTURE_AUTORELEASING = YES;
				CLANG_WARN_BOOL_CONVERSION = YES;
				CLANG_WARN_COMMA = YES;
				CLANG_WARN_CONSTANT_CONVERSION = YES;
				CLANG_WARN_DEPRECATED_OBJC_IMPLEMENTATIONS = YES;
				CLANG_WARN_DIRECT_OBJC_ISA_USAGE = YES_ERROR;
				CLANG_WARN_DOCUMENTATION_COMMENTS = YES;
				CLANG_WARN_EMPTY_BODY = YES;
				CLANG_WARN_ENUM_CONVERSION = YES;
				CLANG_WARN_INFINITE_RECURSION = YES;
				CLANG_WARN_INT_CONVERSION = YES;
				CLANG_WARN_NON_LITERAL_NULL_CONVERSION = YES;
				CLANG_WARN_OBJC_IMPLICIT_RETAIN_SELF = YES;
				CLANG_WARN_OBJC_LITERAL_CONVERSION = YES;
				CLANG_WARN_OBJC_ROOT_CLASS = YES_ERROR;
				CLANG_WARN_QUOTED_INCLUDE_IN_FRAMEWORK_HEADER = YES;
				CLANG_WARN_RANGE_LOOP_ANALYSIS = YES;
				CLANG_WARN_STRICT_PROTOTYPES = YES;
				CLANG_WARN_SUSPICIOUS_MOVE = YES;
				CLANG_WARN_UNGUARDED_AVAILABILITY = YES_AGGRESSIVE;
				CLANG_WARN_UNREACHABLE_CODE = YES;
				CLANG_WARN__DUPLICATE_METHOD_MATCH = YES;
				COPY_PHASE_STRIP = NO;
				DEBUG_INFORMATION_FORMAT = dwarf;
				ENABLE_STRICT_OBJC_MSGSEND = YES;
				ENABLE_TESTABILITY = YES;
				GCC_C_LANGUAGE_STANDARD = gnu11;
				GCC_DYNAMIC_NO_PIC = NO;
				GCC_NO_COMMON_BLOCKS = YES;
				GCC_OPTIMIZATION_LEVEL = 0;
				GCC_PREPROCESSOR_DEFINITIONS = (
					"DEBUG=1",
					"$(inherited)",
				);
				GCC_WARN_64_TO_32_BIT_CONVERSION = YES;
				GCC_WARN_ABOUT_RETURN_TYPE = YES_ERROR;
				GCC_WARN_UNDECLARED_SELECTOR = YES;
				GCC_WARN_UNINITIALIZED_AUTOS = YES_AGGRESSIVE;
				GCC_WARN_UNUSED_FUNCTION = YES;
				GCC_WARN_UNUSED_VARIABLE = YES;
				IPHONEOS_DEPLOYMENT_TARGET = 14.5;
				MTL_ENABLE_DEBUG_INFO = INCLUDE_SOURCE;
				MTL_FAST_MATH = YES;
				ONLY_ACTIVE_ARCH = YES;
				SDKROOT = iphoneos;
				SWIFT_ACTIVE_COMPILATION_CONDITIONS = DEBUG;
				SWIFT_OPTIMIZATION_LEVEL = "-Onone";
			};
			name = Debug;
		};
		4A8B843A2665630500680E62 /* Release */ = {
			isa = XCBuildConfiguration;
			buildSettings = {
				ALWAYS_SEARCH_USER_PATHS = NO;
				CLANG_ANALYZER_NONNULL = YES;
				CLANG_ANALYZER_NUMBER_OBJECT_CONVERSION = YES_AGGRESSIVE;
				CLANG_CXX_LANGUAGE_STANDARD = "gnu++14";
				CLANG_CXX_LIBRARY = "libc++";
				CLANG_ENABLE_MODULES = YES;
				CLANG_ENABLE_OBJC_ARC = YES;
				CLANG_ENABLE_OBJC_WEAK = YES;
				CLANG_WARN_BLOCK_CAPTURE_AUTORELEASING = YES;
				CLANG_WARN_BOOL_CONVERSION = YES;
				CLANG_WARN_COMMA = YES;
				CLANG_WARN_CONSTANT_CONVERSION = YES;
				CLANG_WARN_DEPRECATED_OBJC_IMPLEMENTATIONS = YES;
				CLANG_WARN_DIRECT_OBJC_ISA_USAGE = YES_ERROR;
				CLANG_WARN_DOCUMENTATION_COMMENTS = YES;
				CLANG_WARN_EMPTY_BODY = YES;
				CLANG_WARN_ENUM_CONVERSION = YES;
				CLANG_WARN_INFINITE_RECURSION = YES;
				CLANG_WARN_INT_CONVERSION = YES;
				CLANG_WARN_NON_LITERAL_NULL_CONVERSION = YES;
				CLANG_WARN_OBJC_IMPLICIT_RETAIN_SELF = YES;
				CLANG_WARN_OBJC_LITERAL_CONVERSION = YES;
				CLANG_WARN_OBJC_ROOT_CLASS = YES_ERROR;
				CLANG_WARN_QUOTED_INCLUDE_IN_FRAMEWORK_HEADER = YES;
				CLANG_WARN_RANGE_LOOP_ANALYSIS = YES;
				CLANG_WARN_STRICT_PROTOTYPES = YES;
				CLANG_WARN_SUSPICIOUS_MOVE = YES;
				CLANG_WARN_UNGUARDED_AVAILABILITY = YES_AGGRESSIVE;
				CLANG_WARN_UNREACHABLE_CODE = YES;
				CLANG_WARN__DUPLICATE_METHOD_MATCH = YES;
				COPY_PHASE_STRIP = NO;
				DEBUG_INFORMATION_FORMAT = "dwarf-with-dsym";
				ENABLE_NS_ASSERTIONS = NO;
				ENABLE_STRICT_OBJC_MSGSEND = YES;
				GCC_C_LANGUAGE_STANDARD = gnu11;
				GCC_NO_COMMON_BLOCKS = YES;
				GCC_WARN_64_TO_32_BIT_CONVERSION = YES;
				GCC_WARN_ABOUT_RETURN_TYPE = YES_ERROR;
				GCC_WARN_UNDECLARED_SELECTOR = YES;
				GCC_WARN_UNINITIALIZED_AUTOS = YES_AGGRESSIVE;
				GCC_WARN_UNUSED_FUNCTION = YES;
				GCC_WARN_UNUSED_VARIABLE = YES;
				IPHONEOS_DEPLOYMENT_TARGET = 14.5;
				MTL_ENABLE_DEBUG_INFO = NO;
				MTL_FAST_MATH = YES;
				SDKROOT = iphoneos;
				SWIFT_COMPILATION_MODE = wholemodule;
				SWIFT_OPTIMIZATION_LEVEL = "-O";
				VALIDATE_PRODUCT = YES;
			};
			name = Release;
		};
		4A8B843C2665630500680E62 /* Debug */ = {
			isa = XCBuildConfiguration;
			baseConfigurationReference = 2545A4DC13E40151EABF16B2 /* Pods-iosStudying.debug.xcconfig */;
			buildSettings = {
				ASSETCATALOG_COMPILER_APPICON_NAME = AppIcon;
				ASSETCATALOG_COMPILER_GLOBAL_ACCENT_COLOR_NAME = AccentColor;
				CODE_SIGN_STYLE = Automatic;
				DEVELOPMENT_TEAM = 77NB29ZK26;
				INFOPLIST_FILE = iosStudying/Info.plist;
				IPHONEOS_DEPLOYMENT_TARGET = 11.0;
				LD_RUNPATH_SEARCH_PATHS = (
					"$(inherited)",
					"@executable_path/Frameworks",
				);
				MACH_O_TYPE = mh_execute;
				PRODUCT_BUNDLE_IDENTIFIER = com.IosStudying.iosStudying;
				PRODUCT_NAME = "$(TARGET_NAME)";
				SWIFT_VERSION = 5.0;
				TARGETED_DEVICE_FAMILY = "1,2";
			};
			name = Debug;
		};
		4A8B843D2665630500680E62 /* Release */ = {
			isa = XCBuildConfiguration;
			baseConfigurationReference = 5FAB9D88435AEDA66863F3ED /* Pods-iosStudying.release.xcconfig */;
			buildSettings = {
				ASSETCATALOG_COMPILER_APPICON_NAME = AppIcon;
				ASSETCATALOG_COMPILER_GLOBAL_ACCENT_COLOR_NAME = AccentColor;
				CODE_SIGN_STYLE = Automatic;
				DEVELOPMENT_TEAM = 77NB29ZK26;
				INFOPLIST_FILE = iosStudying/Info.plist;
				IPHONEOS_DEPLOYMENT_TARGET = 11.0;
				LD_RUNPATH_SEARCH_PATHS = (
					"$(inherited)",
					"@executable_path/Frameworks",
				);
				MACH_O_TYPE = mh_execute;
				PRODUCT_BUNDLE_IDENTIFIER = com.IosStudying.iosStudying;
				PRODUCT_NAME = "$(TARGET_NAME)";
				SWIFT_VERSION = 5.0;
				TARGETED_DEVICE_FAMILY = "1,2";
			};
			name = Release;
		};
/* End XCBuildConfiguration section */

/* Begin XCConfigurationList section */
		4A8B84222665630400680E62 /* Build configuration list for PBXProject "iosStudying" */ = {
			isa = XCConfigurationList;
			buildConfigurations = (
				4A8B84392665630500680E62 /* Debug */,
				4A8B843A2665630500680E62 /* Release */,
			);
			defaultConfigurationIsVisible = 0;
			defaultConfigurationName = Release;
		};
		4A8B843B2665630500680E62 /* Build configuration list for PBXNativeTarget "iosStudying" */ = {
			isa = XCConfigurationList;
			buildConfigurations = (
				4A8B843C2665630500680E62 /* Debug */,
				4A8B843D2665630500680E62 /* Release */,
			);
			defaultConfigurationIsVisible = 0;
			defaultConfigurationName = Release;
		};
/* End XCConfigurationList section */
	};
	rootObject = 4A8B841F2665630400680E62 /* Project object */;
}
